{
  "name": "xyz_space_invader",
  "version": "1.0.0",
  "lockfileVersion": 1,
  "requires": true,
  "dependencies": {
    "svelte": {
      "version": "2.16.1",
      "resolved": "https://registry.npmjs.org/svelte/-/svelte-2.16.1.tgz",
      "integrity": "sha512-TpXdfukSkmWkMnH6PPVm7FRW8SSFcTyqBiP+6VN8rtZJ7Lp1Xbf/e3oz73eQBxF0UPZw1aAn1b91lX2XTeD3zg=="
    }
  }
}
